
Microsoft Visual Studio Solution File, Format Version 12.00
# Visual Studio 15
VisualStudioVersion = 15.0.27004.2005
MinimumVisualStudioVersion = 10.0.40219.1
Project("{FAE04EC0-301F-11D3-BF4B-00C04F79EFBC}") = "Bank Account", "Exercise\Bank Account.csproj", "{3590F168-E9EB-4DD2-9B2F-9A7F9C8160EB}"
EndProject
Project("{FAE04EC0-301F-11D3-BF4B-00C04F79EFBC}") = "Person", "Person\Person.csproj", "{678BC8CB-7A14-47AA-8B2C-239DB94DF6D5}"
EndProject
Project("{FAE04EC0-301F-11D3-BF4B-00C04F79EFBC}") = "Speed Racing", "Speed Racing\Speed Racing.csproj", "{F31C346F-FEF7-456E-8601-3DA344437ABE}"
EndProject
Project("{FAE04EC0-301F-11D3-BF4B-00C04F79EFBC}") = "Company Roster", "Company Roster\Company Roster.csproj", "{82FFFC8B-752A-49F0-B373-8E87FF5716BF}"
EndProject
Global
	GlobalSection(SolutionConfigurationPlatforms) = preSolution
		Debug|Any CPU = Debug|Any CPU
		Release|Any CPU = Release|Any CPU
	EndGlobalSection
	GlobalSection(ProjectConfigurationPlatforms) = postSolution
		{3590F168-E9EB-4DD2-9B2F-9A7F9C8160EB}.Debug|Any CPU.ActiveCfg = Debug|Any CPU
		{3590F168-E9EB-4DD2-9B2F-9A7F9C8160EB}.Debug|Any CPU.Build.0 = Debug|Any CPU
		{3590F168-E9EB-4DD2-9B2F-9A7F9C8160EB}.Release|Any CPU.ActiveCfg = Release|Any CPU
		{3590F168-E9EB-4DD2-9B2F-9A7F9C8160EB}.Release|Any CPU.Build.0 = Release|Any CPU
		{678BC8CB-7A14-47AA-8B2C-239DB94DF6D5}.Debug|Any CPU.ActiveCfg = Debug|Any CPU
		{678BC8CB-7A14-47AA-8B2C-239DB94DF6D5}.Debug|Any CPU.Build.0 = Debug|Any CPU
		{678BC8CB-7A14-47AA-8B2C-239DB94DF6D5}.Release|Any CPU.ActiveCfg = Release|Any CPU
		{678BC8CB-7A14-47AA-8B2C-239DB94DF6D5}.Release|Any CPU.Build.0 = Release|Any CPU
		{F31C346F-FEF7-456E-8601-3DA344437ABE}.Debug|Any CPU.ActiveCfg = Debug|Any CPU
		{F31C346F-FEF7-456E-8601-3DA344437ABE}.Debug|Any CPU.Build.0 = Debug|Any CPU
		{F31C346F-FEF7-456E-8601-3DA344437ABE}.Release|Any CPU.ActiveCfg = Release|Any CPU
		{F31C346F-FEF7-456E-8601-3DA344437ABE}.Release|Any CPU.Build.0 = Release|Any CPU
		{82FFFC8B-752A-49F0-B373-8E87FF5716BF}.Debug|Any CPU.ActiveCfg = Debug|Any CPU
		{82FFFC8B-752A-49F0-B373-8E87FF5716BF}.Debug|Any CPU.Build.0 = Debug|Any CPU
		{82FFFC8B-752A-49F0-B373-8E87FF5716BF}.Release|Any CPU.ActiveCfg = Release|Any CPU
		{82FFFC8B-752A-49F0-B373-8E87FF5716BF}.Release|Any CPU.Build.0 = Release|Any CPU
	EndGlobalSection
	GlobalSection(SolutionProperties) = preSolution
		HideSolutionNode = FALSE
	EndGlobalSection
	GlobalSection(ExtensibilityGlobals) = postSolution
		SolutionGuid = {13B20F65-FC64-4B27-8BC9-BA29283DB392}
	EndGlobalSection
EndGlobal
