
Microsoft Visual Studio Solution File, Format Version 12.00
# Visual Studio 15
VisualStudioVersion = 15.0.27004.2009
MinimumVisualStudioVersion = 10.0.40219.1
Project("{9A19103F-16F7-4668-BE54-9A1E7A4F7556}") = "Homework.Client", "Homework.Client\Homework.Client.csproj", "{AE70B2CE-9C2E-4135-8B52-58550410B545}"
EndProject
Project("{9A19103F-16F7-4668-BE54-9A1E7A4F7556}") = "Homework.Data", "Homework.Data\Homework.Data.csproj", "{C2AA1B4D-6422-4C6D-B285-F26200E97328}"
EndProject
Project("{9A19103F-16F7-4668-BE54-9A1E7A4F7556}") = "Homework.Models", "Homework.Models\Homework.Models.csproj", "{B013A64C-5A42-4DD9-9B89-65305B393039}"
EndProject
Global
	GlobalSection(SolutionConfigurationPlatforms) = preSolution
		Debug|Any CPU = Debug|Any CPU
		Release|Any CPU = Release|Any CPU
	EndGlobalSection
	GlobalSection(ProjectConfigurationPlatforms) = postSolution
		{AE70B2CE-9C2E-4135-8B52-58550410B545}.Debug|Any CPU.ActiveCfg = Debug|Any CPU
		{AE70B2CE-9C2E-4135-8B52-58550410B545}.Debug|Any CPU.Build.0 = Debug|Any CPU
		{AE70B2CE-9C2E-4135-8B52-58550410B545}.Release|Any CPU.ActiveCfg = Release|Any CPU
		{AE70B2CE-9C2E-4135-8B52-58550410B545}.Release|Any CPU.Build.0 = Release|Any CPU
		{C2AA1B4D-6422-4C6D-B285-F26200E97328}.Debug|Any CPU.ActiveCfg = Debug|Any CPU
		{C2AA1B4D-6422-4C6D-B285-F26200E97328}.Debug|Any CPU.Build.0 = Debug|Any CPU
		{C2AA1B4D-6422-4C6D-B285-F26200E97328}.Release|Any CPU.ActiveCfg = Release|Any CPU
		{C2AA1B4D-6422-4C6D-B285-F26200E97328}.Release|Any CPU.Build.0 = Release|Any CPU
		{B013A64C-5A42-4DD9-9B89-65305B393039}.Debug|Any CPU.ActiveCfg = Debug|Any CPU
		{B013A64C-5A42-4DD9-9B89-65305B393039}.Debug|Any CPU.Build.0 = Debug|Any CPU
		{B013A64C-5A42-4DD9-9B89-65305B393039}.Release|Any CPU.ActiveCfg = Release|Any CPU
		{B013A64C-5A42-4DD9-9B89-65305B393039}.Release|Any CPU.Build.0 = Release|Any CPU
	EndGlobalSection
	GlobalSection(SolutionProperties) = preSolution
		HideSolutionNode = FALSE
	EndGlobalSection
	GlobalSection(ExtensibilityGlobals) = postSolution
		SolutionGuid = {695DE43C-BBE6-48CF-849F-6FB87A7EF498}
	EndGlobalSection
EndGlobal
